
Microsoft Visual Studio Solution File, Format Version 12.00
# Visual Studio 14
VisualStudioVersion = 14.0.24720.0
MinimumVisualStudioVersion = 10.0.40219.1
Project("{FAE04EC0-301F-11D3-BF4B-00C04F79EFBC}") = "Zadatko2.Droid", "Zadatko2\Zadatko2.Droid\Zadatko2.Droid.csproj", "{6058D1AF-030B-4D7A-B991-843EF3567D01}"
EndProject
Project("{FAE04EC0-301F-11D3-BF4B-00C04F79EFBC}") = "Zadatko2.iOS", "Zadatko2\Zadatko2.iOS\Zadatko2.iOS.csproj", "{54AE80F5-2C83-4BD0-BB43-1BD7F59A1C7A}"
EndProject
Project("{FAE04EC0-301F-11D3-BF4B-00C04F79EFBC}") = "Zadatko2.WinPhone", "Zadatko2\Zadatko2.WinPhone\Zadatko2.WinPhone.csproj", "{AF2DA06B-853D-4C6D-BAC0-ED6E1C08D2A5}"
EndProject
Project("{FAE04EC0-301F-11D3-BF4B-00C04F79EFBC}") = "Zadatko2.UWP", "Zadatko2\Zadatko2.UWP\Zadatko2.UWP.csproj", "{882699CC-A124-4506-AA7B-10006BE14F57}"
EndProject
Project("{FAE04EC0-301F-11D3-BF4B-00C04F79EFBC}") = "Zadatko2.Windows", "Zadatko2\Zadatko2.Windows\Zadatko2.Windows.csproj", "{2C42B43A-193A-405E-9354-7CAD177B9B10}"
EndProject
Project("{FAE04EC0-301F-11D3-BF4B-00C04F79EFBC}") = "Zadatko2", "Zadatko2\Zadatko2\Zadatko2.csproj", "{7E7E3D9F-3EF4-4598-A025-8598014822B2}"
EndProject
Global
	GlobalSection(SolutionConfigurationPlatforms) = preSolution
		Ad-Hoc|Any CPU = Ad-Hoc|Any CPU
		Ad-Hoc|ARM = Ad-Hoc|ARM
		Ad-Hoc|iPhone = Ad-Hoc|iPhone
		Ad-Hoc|iPhoneSimulator = Ad-Hoc|iPhoneSimulator
		Ad-Hoc|x64 = Ad-Hoc|x64
		Ad-Hoc|x86 = Ad-Hoc|x86
		AppStore|Any CPU = AppStore|Any CPU
		AppStore|ARM = AppStore|ARM
		AppStore|iPhone = AppStore|iPhone
		AppStore|iPhoneSimulator = AppStore|iPhoneSimulator
		AppStore|x64 = AppStore|x64
		AppStore|x86 = AppStore|x86
		Debug|Any CPU = Debug|Any CPU
		Debug|ARM = Debug|ARM
		Debug|iPhone = Debug|iPhone
		Debug|iPhoneSimulator = Debug|iPhoneSimulator
		Debug|x64 = Debug|x64
		Debug|x86 = Debug|x86
		Release|Any CPU = Release|Any CPU
		Release|ARM = Release|ARM
		Release|iPhone = Release|iPhone
		Release|iPhoneSimulator = Release|iPhoneSimulator
		Release|x64 = Release|x64
		Release|x86 = Release|x86
	EndGlobalSection
	GlobalSection(ProjectConfigurationPlatforms) = postSolution
		{6058D1AF-030B-4D7A-B991-843EF3567D01}.Ad-Hoc|Any CPU.ActiveCfg = Release|Any CPU
		{6058D1AF-030B-4D7A-B991-843EF3567D01}.Ad-Hoc|Any CPU.Build.0 = Release|Any CPU
		{6058D1AF-030B-4D7A-B991-843EF3567D01}.Ad-Hoc|Any CPU.Deploy.0 = Release|Any CPU
		{6058D1AF-030B-4D7A-B991-843EF3567D01}.Ad-Hoc|ARM.ActiveCfg = Release|Any CPU
		{6058D1AF-030B-4D7A-B991-843EF3567D01}.Ad-Hoc|ARM.Build.0 = Release|Any CPU
		{6058D1AF-030B-4D7A-B991-843EF3567D01}.Ad-Hoc|ARM.Deploy.0 = Release|Any CPU
		{6058D1AF-030B-4D7A-B991-843EF3567D01}.Ad-Hoc|iPhone.ActiveCfg = Release|Any CPU
		{6058D1AF-030B-4D7A-B991-843EF3567D01}.Ad-Hoc|iPhone.Build.0 = Release|Any CPU
		{6058D1AF-030B-4D7A-B991-843EF3567D01}.Ad-Hoc|iPhone.Deploy.0 = Release|Any CPU
		{6058D1AF-030B-4D7A-B991-843EF3567D01}.Ad-Hoc|iPhoneSimulator.ActiveCfg = Release|Any CPU
		{6058D1AF-030B-4D7A-B991-843EF3567D01}.Ad-Hoc|iPhoneSimulator.Build.0 = Release|Any CPU
		{6058D1AF-030B-4D7A-B991-843EF3567D01}.Ad-Hoc|iPhoneSimulator.Deploy.0 = Release|Any CPU
		{6058D1AF-030B-4D7A-B991-843EF3567D01}.Ad-Hoc|x64.ActiveCfg = Release|Any CPU
		{6058D1AF-030B-4D7A-B991-843EF3567D01}.Ad-Hoc|x64.Build.0 = Release|Any CPU
		{6058D1AF-030B-4D7A-B991-843EF3567D01}.Ad-Hoc|x64.Deploy.0 = Release|Any CPU
		{6058D1AF-030B-4D7A-B991-843EF3567D01}.Ad-Hoc|x86.ActiveCfg = Release|Any CPU
		{6058D1AF-030B-4D7A-B991-843EF3567D01}.Ad-Hoc|x86.Build.0 = Release|Any CPU
		{6058D1AF-030B-4D7A-B991-843EF3567D01}.Ad-Hoc|x86.Deploy.0 = Release|Any CPU
		{6058D1AF-030B-4D7A-B991-843EF3567D01}.AppStore|Any CPU.ActiveCfg = Release|Any CPU
		{6058D1AF-030B-4D7A-B991-843EF3567D01}.AppStore|Any CPU.Build.0 = Release|Any CPU
		{6058D1AF-030B-4D7A-B991-843EF3567D01}.AppStore|Any CPU.Deploy.0 = Release|Any CPU
		{6058D1AF-030B-4D7A-B991-843EF3567D01}.AppStore|ARM.ActiveCfg = Release|Any CPU
		{6058D1AF-030B-4D7A-B991-843EF3567D01}.AppStore|ARM.Build.0 = Release|Any CPU
		{6058D1AF-030B-4D7A-B991-843EF3567D01}.AppStore|ARM.Deploy.0 = Release|Any CPU
		{6058D1AF-030B-4D7A-B991-843EF3567D01}.AppStore|iPhone.ActiveCfg = Release|Any CPU
		{6058D1AF-030B-4D7A-B991-843EF3567D01}.AppStore|iPhone.Build.0 = Release|Any CPU
		{6058D1AF-030B-4D7A-B991-843EF3567D01}.AppStore|iPhone.Deploy.0 = Release|Any CPU
		{6058D1AF-030B-4D7A-B991-843EF3567D01}.AppStore|iPhoneSimulator.ActiveCfg = Release|Any CPU
		{6058D1AF-030B-4D7A-B991-843EF3567D01}.AppStore|iPhoneSimulator.Build.0 = Release|Any CPU
		{6058D1AF-030B-4D7A-B991-843EF3567D01}.AppStore|iPhoneSimulator.Deploy.0 = Release|Any CPU
		{6058D1AF-030B-4D7A-B991-843EF3567D01}.AppStore|x64.ActiveCfg = Release|Any CPU
		{6058D1AF-030B-4D7A-B991-843EF3567D01}.AppStore|x64.Build.0 = Release|Any CPU
		{6058D1AF-030B-4D7A-B991-843EF3567D01}.AppStore|x64.Deploy.0 = Release|Any CPU
		{6058D1AF-030B-4D7A-B991-843EF3567D01}.AppStore|x86.ActiveCfg = Release|Any CPU
		{6058D1AF-030B-4D7A-B991-843EF3567D01}.AppStore|x86.Build.0 = Release|Any CPU
		{6058D1AF-030B-4D7A-B991-843EF3567D01}.AppStore|x86.Deploy.0 = Release|Any CPU
		{6058D1AF-030B-4D7A-B991-843EF3567D01}.Debug|Any CPU.ActiveCfg = Debug|Any CPU
		{6058D1AF-030B-4D7A-B991-843EF3567D01}.Debug|Any CPU.Build.0 = Debug|Any CPU
		{6058D1AF-030B-4D7A-B991-843EF3567D01}.Debug|Any CPU.Deploy.0 = Debug|Any CPU
		{6058D1AF-030B-4D7A-B991-843EF3567D01}.Debug|ARM.ActiveCfg = Debug|Any CPU
		{6058D1AF-030B-4D7A-B991-843EF3567D01}.Debug|ARM.Build.0 = Debug|Any CPU
		{6058D1AF-030B-4D7A-B991-843EF3567D01}.Debug|ARM.Deploy.0 = Debug|Any CPU
		{6058D1AF-030B-4D7A-B991-843EF3567D01}.Debug|iPhone.ActiveCfg = Debug|Any CPU
		{6058D1AF-030B-4D7A-B991-843EF3567D01}.Debug|iPhone.Build.0 = Debug|Any CPU
		{6058D1AF-030B-4D7A-B991-843EF3567D01}.Debug|iPhone.Deploy.0 = Debug|Any CPU
		{6058D1AF-030B-4D7A-B991-843EF3567D01}.Debug|iPhoneSimulator.ActiveCfg = Debug|Any CPU
		{6058D1AF-030B-4D7A-B991-843EF3567D01}.Debug|iPhoneSimulator.Build.0 = Debug|Any CPU
		{6058D1AF-030B-4D7A-B991-843EF3567D01}.Debug|iPhoneSimulator.Deploy.0 = Debug|Any CPU
		{6058D1AF-030B-4D7A-B991-843EF3567D01}.Debug|x64.ActiveCfg = Debug|Any CPU
		{6058D1AF-030B-4D7A-B991-843EF3567D01}.Debug|x64.Build.0 = Debug|Any CPU
		{6058D1AF-030B-4D7A-B991-843EF3567D01}.Debug|x64.Deploy.0 = Debug|Any CPU
		{6058D1AF-030B-4D7A-B991-843EF3567D01}.Debug|x86.ActiveCfg = Debug|Any CPU
		{6058D1AF-030B-4D7A-B991-843EF3567D01}.Debug|x86.Build.0 = Debug|Any CPU
		{6058D1AF-030B-4D7A-B991-843EF3567D01}.Debug|x86.Deploy.0 = Debug|Any CPU
		{6058D1AF-030B-4D7A-B991-843EF3567D01}.Release|Any CPU.ActiveCfg = Release|Any CPU
		{6058D1AF-030B-4D7A-B991-843EF3567D01}.Release|Any CPU.Build.0 = Release|Any CPU
		{6058D1AF-030B-4D7A-B991-843EF3567D01}.Release|Any CPU.Deploy.0 = Release|Any CPU
		{6058D1AF-030B-4D7A-B991-843EF3567D01}.Release|ARM.ActiveCfg = Release|Any CPU
		{6058D1AF-030B-4D7A-B991-843EF3567D01}.Release|ARM.Build.0 = Release|Any CPU
		{6058D1AF-030B-4D7A-B991-843EF3567D01}.Release|ARM.Deploy.0 = Release|Any CPU
		{6058D1AF-030B-4D7A-B991-843EF3567D01}.Release|iPhone.ActiveCfg = Release|Any CPU
		{6058D1AF-030B-4D7A-B991-843EF3567D01}.Release|iPhone.Build.0 = Release|Any CPU
		{6058D1AF-030B-4D7A-B991-843EF3567D01}.Release|iPhone.Deploy.0 = Release|Any CPU
		{6058D1AF-030B-4D7A-B991-843EF3567D01}.Release|iPhoneSimulator.ActiveCfg = Release|Any CPU
		{6058D1AF-030B-4D7A-B991-843EF3567D01}.Release|iPhoneSimulator.Build.0 = Release|Any CPU
		{6058D1AF-030B-4D7A-B991-843EF3567D01}.Release|iPhoneSimulator.Deploy.0 = Release|Any CPU
		{6058D1AF-030B-4D7A-B991-843EF3567D01}.Release|x64.ActiveCfg = Release|Any CPU
		{6058D1AF-030B-4D7A-B991-843EF3567D01}.Release|x64.Build.0 = Release|Any CPU
		{6058D1AF-030B-4D7A-B991-843EF3567D01}.Release|x64.Deploy.0 = Release|Any CPU
		{6058D1AF-030B-4D7A-B991-843EF3567D01}.Release|x86.ActiveCfg = Release|Any CPU
		{6058D1AF-030B-4D7A-B991-843EF3567D01}.Release|x86.Build.0 = Release|Any CPU
		{6058D1AF-030B-4D7A-B991-843EF3567D01}.Release|x86.Deploy.0 = Release|Any CPU
		{54AE80F5-2C83-4BD0-BB43-1BD7F59A1C7A}.Ad-Hoc|Any CPU.ActiveCfg = Ad-Hoc|iPhone
		{54AE80F5-2C83-4BD0-BB43-1BD7F59A1C7A}.Ad-Hoc|ARM.ActiveCfg = Ad-Hoc|iPhone
		{54AE80F5-2C83-4BD0-BB43-1BD7F59A1C7A}.Ad-Hoc|iPhone.ActiveCfg = Ad-Hoc|iPhone
		{54AE80F5-2C83-4BD0-BB43-1BD7F59A1C7A}.Ad-Hoc|iPhone.Build.0 = Ad-Hoc|iPhone
		{54AE80F5-2C83-4BD0-BB43-1BD7F59A1C7A}.Ad-Hoc|iPhoneSimulator.ActiveCfg = Ad-Hoc|iPhoneSimulator
		{54AE80F5-2C83-4BD0-BB43-1BD7F59A1C7A}.Ad-Hoc|iPhoneSimulator.Build.0 = Ad-Hoc|iPhoneSimulator
		{54AE80F5-2C83-4BD0-BB43-1BD7F59A1C7A}.Ad-Hoc|x64.ActiveCfg = Ad-Hoc|iPhone
		{54AE80F5-2C83-4BD0-BB43-1BD7F59A1C7A}.Ad-Hoc|x86.ActiveCfg = Ad-Hoc|iPhone
		{54AE80F5-2C83-4BD0-BB43-1BD7F59A1C7A}.AppStore|Any CPU.ActiveCfg = AppStore|iPhone
		{54AE80F5-2C83-4BD0-BB43-1BD7F59A1C7A}.AppStore|ARM.ActiveCfg = AppStore|iPhone
		{54AE80F5-2C83-4BD0-BB43-1BD7F59A1C7A}.AppStore|iPhone.ActiveCfg = AppStore|iPhone
		{54AE80F5-2C83-4BD0-BB43-1BD7F59A1C7A}.AppStore|iPhone.Build.0 = AppStore|iPhone
		{54AE80F5-2C83-4BD0-BB43-1BD7F59A1C7A}.AppStore|iPhoneSimulator.ActiveCfg = AppStore|iPhoneSimulator
		{54AE80F5-2C83-4BD0-BB43-1BD7F59A1C7A}.AppStore|iPhoneSimulator.Build.0 = AppStore|iPhoneSimulator
		{54AE80F5-2C83-4BD0-BB43-1BD7F59A1C7A}.AppStore|x64.ActiveCfg = AppStore|iPhone
		{54AE80F5-2C83-4BD0-BB43-1BD7F59A1C7A}.AppStore|x86.ActiveCfg = AppStore|iPhone
		{54AE80F5-2C83-4BD0-BB43-1BD7F59A1C7A}.Debug|Any CPU.ActiveCfg = Debug|iPhone
		{54AE80F5-2C83-4BD0-BB43-1BD7F59A1C7A}.Debug|ARM.ActiveCfg = Debug|iPhone
		{54AE80F5-2C83-4BD0-BB43-1BD7F59A1C7A}.Debug|iPhone.ActiveCfg = Debug|iPhone
		{54AE80F5-2C83-4BD0-BB43-1BD7F59A1C7A}.Debug|iPhone.Build.0 = Debug|iPhone
		{54AE80F5-2C83-4BD0-BB43-1BD7F59A1C7A}.Debug|iPhoneSimulator.ActiveCfg = Debug|iPhoneSimulator
		{54AE80F5-2C83-4BD0-BB43-1BD7F59A1C7A}.Debug|iPhoneSimulator.Build.0 = Debug|iPhoneSimulator
		{54AE80F5-2C83-4BD0-BB43-1BD7F59A1C7A}.Debug|x64.ActiveCfg = Debug|iPhone
		{54AE80F5-2C83-4BD0-BB43-1BD7F59A1C7A}.Debug|x86.ActiveCfg = Debug|iPhone
		{54AE80F5-2C83-4BD0-BB43-1BD7F59A1C7A}.Release|Any CPU.ActiveCfg = Release|iPhone
		{54AE80F5-2C83-4BD0-BB43-1BD7F59A1C7A}.Release|ARM.ActiveCfg = Release|iPhone
		{54AE80F5-2C83-4BD0-BB43-1BD7F59A1C7A}.Release|iPhone.ActiveCfg = Release|iPhone
		{54AE80F5-2C83-4BD0-BB43-1BD7F59A1C7A}.Release|iPhone.Build.0 = Release|iPhone
		{54AE80F5-2C83-4BD0-BB43-1BD7F59A1C7A}.Release|iPhoneSimulator.ActiveCfg = Release|iPhoneSimulator
		{54AE80F5-2C83-4BD0-BB43-1BD7F59A1C7A}.Release|iPhoneSimulator.Build.0 = Release|iPhoneSimulator
		{54AE80F5-2C83-4BD0-BB43-1BD7F59A1C7A}.Release|x64.ActiveCfg = Release|iPhone
		{54AE80F5-2C83-4BD0-BB43-1BD7F59A1C7A}.Release|x86.ActiveCfg = Release|iPhone
		{AF2DA06B-853D-4C6D-BAC0-ED6E1C08D2A5}.Ad-Hoc|Any CPU.ActiveCfg = Release|Any CPU
		{AF2DA06B-853D-4C6D-BAC0-ED6E1C08D2A5}.Ad-Hoc|Any CPU.Build.0 = Release|Any CPU
		{AF2DA06B-853D-4C6D-BAC0-ED6E1C08D2A5}.Ad-Hoc|Any CPU.Deploy.0 = Release|Any CPU
		{AF2DA06B-853D-4C6D-BAC0-ED6E1C08D2A5}.Ad-Hoc|ARM.ActiveCfg = Release|ARM
		{AF2DA06B-853D-4C6D-BAC0-ED6E1C08D2A5}.Ad-Hoc|ARM.Build.0 = Release|ARM
		{AF2DA06B-853D-4C6D-BAC0-ED6E1C08D2A5}.Ad-Hoc|ARM.Deploy.0 = Release|ARM
		{AF2DA06B-853D-4C6D-BAC0-ED6E1C08D2A5}.Ad-Hoc|iPhone.ActiveCfg = Release|Any CPU
		{AF2DA06B-853D-4C6D-BAC0-ED6E1C08D2A5}.Ad-Hoc|iPhone.Build.0 = Release|Any CPU
		{AF2DA06B-853D-4C6D-BAC0-ED6E1C08D2A5}.Ad-Hoc|iPhone.Deploy.0 = Release|Any CPU
		{AF2DA06B-853D-4C6D-BAC0-ED6E1C08D2A5}.Ad-Hoc|iPhoneSimulator.ActiveCfg = Release|Any CPU
		{AF2DA06B-853D-4C6D-BAC0-ED6E1C08D2A5}.Ad-Hoc|iPhoneSimulator.Build.0 = Release|Any CPU
		{AF2DA06B-853D-4C6D-BAC0-ED6E1C08D2A5}.Ad-Hoc|iPhoneSimulator.Deploy.0 = Release|Any CPU
		{AF2DA06B-853D-4C6D-BAC0-ED6E1C08D2A5}.Ad-Hoc|x64.ActiveCfg = Release|Any CPU
		{AF2DA06B-853D-4C6D-BAC0-ED6E1C08D2A5}.Ad-Hoc|x64.Build.0 = Release|Any CPU
		{AF2DA06B-853D-4C6D-BAC0-ED6E1C08D2A5}.Ad-Hoc|x64.Deploy.0 = Release|Any CPU
		{AF2DA06B-853D-4C6D-BAC0-ED6E1C08D2A5}.Ad-Hoc|x86.ActiveCfg = Release|x86
		{AF2DA06B-853D-4C6D-BAC0-ED6E1C08D2A5}.Ad-Hoc|x86.Build.0 = Release|x86
		{AF2DA06B-853D-4C6D-BAC0-ED6E1C08D2A5}.Ad-Hoc|x86.Deploy.0 = Release|x86
		{AF2DA06B-853D-4C6D-BAC0-ED6E1C08D2A5}.AppStore|Any CPU.ActiveCfg = Release|Any CPU
		{AF2DA06B-853D-4C6D-BAC0-ED6E1C08D2A5}.AppStore|Any CPU.Build.0 = Release|Any CPU
		{AF2DA06B-853D-4C6D-BAC0-ED6E1C08D2A5}.AppStore|Any CPU.Deploy.0 = Release|Any CPU
		{AF2DA06B-853D-4C6D-BAC0-ED6E1C08D2A5}.AppStore|ARM.ActiveCfg = Release|ARM
		{AF2DA06B-853D-4C6D-BAC0-ED6E1C08D2A5}.AppStore|ARM.Build.0 = Release|ARM
		{AF2DA06B-853D-4C6D-BAC0-ED6E1C08D2A5}.AppStore|ARM.Deploy.0 = Release|ARM
		{AF2DA06B-853D-4C6D-BAC0-ED6E1C08D2A5}.AppStore|iPhone.ActiveCfg = Release|Any CPU
		{AF2DA06B-853D-4C6D-BAC0-ED6E1C08D2A5}.AppStore|iPhone.Build.0 = Release|Any CPU
		{AF2DA06B-853D-4C6D-BAC0-ED6E1C08D2A5}.AppStore|iPhone.Deploy.0 = Release|Any CPU
		{AF2DA06B-853D-4C6D-BAC0-ED6E1C08D2A5}.AppStore|iPhoneSimulator.ActiveCfg = Release|Any CPU
		{AF2DA06B-853D-4C6D-BAC0-ED6E1C08D2A5}.AppStore|iPhoneSimulator.Build.0 = Release|Any CPU
		{AF2DA06B-853D-4C6D-BAC0-ED6E1C08D2A5}.AppStore|iPhoneSimulator.Deploy.0 = Release|Any CPU
		{AF2DA06B-853D-4C6D-BAC0-ED6E1C08D2A5}.AppStore|x64.ActiveCfg = Release|Any CPU
		{AF2DA06B-853D-4C6D-BAC0-ED6E1C08D2A5}.AppStore|x64.Build.0 = Release|Any CPU
		{AF2DA06B-853D-4C6D-BAC0-ED6E1C08D2A5}.AppStore|x64.Deploy.0 = Release|Any CPU
		{AF2DA06B-853D-4C6D-BAC0-ED6E1C08D2A5}.AppStore|x86.ActiveCfg = Release|x86
		{AF2DA06B-853D-4C6D-BAC0-ED6E1C08D2A5}.AppStore|x86.Build.0 = Release|x86
		{AF2DA06B-853D-4C6D-BAC0-ED6E1C08D2A5}.AppStore|x86.Deploy.0 = Release|x86
		{AF2DA06B-853D-4C6D-BAC0-ED6E1C08D2A5}.Debug|Any CPU.ActiveCfg = Debug|Any CPU
		{AF2DA06B-853D-4C6D-BAC0-ED6E1C08D2A5}.Debug|Any CPU.Build.0 = Debug|Any CPU
		{AF2DA06B-853D-4C6D-BAC0-ED6E1C08D2A5}.Debug|Any CPU.Deploy.0 = Debug|Any CPU
		{AF2DA06B-853D-4C6D-BAC0-ED6E1C08D2A5}.Debug|ARM.ActiveCfg = Debug|ARM
		{AF2DA06B-853D-4C6D-BAC0-ED6E1C08D2A5}.Debug|ARM.Build.0 = Debug|ARM
		{AF2DA06B-853D-4C6D-BAC0-ED6E1C08D2A5}.Debug|ARM.Deploy.0 = Debug|ARM
		{AF2DA06B-853D-4C6D-BAC0-ED6E1C08D2A5}.Debug|iPhone.ActiveCfg = Debug|Any CPU
		{AF2DA06B-853D-4C6D-BAC0-ED6E1C08D2A5}.Debug|iPhone.Build.0 = Debug|Any CPU
		{AF2DA06B-853D-4C6D-BAC0-ED6E1C08D2A5}.Debug|iPhone.Deploy.0 = Debug|Any CPU
		{AF2DA06B-853D-4C6D-BAC0-ED6E1C08D2A5}.Debug|iPhoneSimulator.ActiveCfg = Debug|Any CPU
		{AF2DA06B-853D-4C6D-BAC0-ED6E1C08D2A5}.Debug|iPhoneSimulator.Build.0 = Debug|Any CPU
		{AF2DA06B-853D-4C6D-BAC0-ED6E1C08D2A5}.Debug|iPhoneSimulator.Deploy.0 = Debug|Any CPU
		{AF2DA06B-853D-4C6D-BAC0-ED6E1C08D2A5}.Debug|x64.ActiveCfg = Debug|Any CPU
		{AF2DA06B-853D-4C6D-BAC0-ED6E1C08D2A5}.Debug|x64.Build.0 = Debug|Any CPU
		{AF2DA06B-853D-4C6D-BAC0-ED6E1C08D2A5}.Debug|x64.Deploy.0 = Debug|Any CPU
		{AF2DA06B-853D-4C6D-BAC0-ED6E1C08D2A5}.Debug|x86.ActiveCfg = Debug|x86
		{AF2DA06B-853D-4C6D-BAC0-ED6E1C08D2A5}.Debug|x86.Build.0 = Debug|x86
		{AF2DA06B-853D-4C6D-BAC0-ED6E1C08D2A5}.Debug|x86.Deploy.0 = Debug|x86
		{AF2DA06B-853D-4C6D-BAC0-ED6E1C08D2A5}.Release|Any CPU.ActiveCfg = Release|Any CPU
		{AF2DA06B-853D-4C6D-BAC0-ED6E1C08D2A5}.Release|Any CPU.Build.0 = Release|Any CPU
		{AF2DA06B-853D-4C6D-BAC0-ED6E1C08D2A5}.Release|Any CPU.Deploy.0 = Release|Any CPU
		{AF2DA06B-853D-4C6D-BAC0-ED6E1C08D2A5}.Release|ARM.ActiveCfg = Release|ARM
		{AF2DA06B-853D-4C6D-BAC0-ED6E1C08D2A5}.Release|ARM.Build.0 = Release|ARM
		{AF2DA06B-853D-4C6D-BAC0-ED6E1C08D2A5}.Release|ARM.Deploy.0 = Release|ARM
		{AF2DA06B-853D-4C6D-BAC0-ED6E1C08D2A5}.Release|iPhone.ActiveCfg = Release|Any CPU
		{AF2DA06B-853D-4C6D-BAC0-ED6E1C08D2A5}.Release|iPhone.Build.0 = Release|Any CPU
		{AF2DA06B-853D-4C6D-BAC0-ED6E1C08D2A5}.Release|iPhone.Deploy.0 = Release|Any CPU
		{AF2DA06B-853D-4C6D-BAC0-ED6E1C08D2A5}.Release|iPhoneSimulator.ActiveCfg = Release|Any CPU
		{AF2DA06B-853D-4C6D-BAC0-ED6E1C08D2A5}.Release|iPhoneSimulator.Build.0 = Release|Any CPU
		{AF2DA06B-853D-4C6D-BAC0-ED6E1C08D2A5}.Release|iPhoneSimulator.Deploy.0 = Release|Any CPU
		{AF2DA06B-853D-4C6D-BAC0-ED6E1C08D2A5}.Release|x64.ActiveCfg = Release|Any CPU
		{AF2DA06B-853D-4C6D-BAC0-ED6E1C08D2A5}.Release|x64.Build.0 = Release|Any CPU
		{AF2DA06B-853D-4C6D-BAC0-ED6E1C08D2A5}.Release|x64.Deploy.0 = Release|Any CPU
		{AF2DA06B-853D-4C6D-BAC0-ED6E1C08D2A5}.Release|x86.ActiveCfg = Release|x86
		{AF2DA06B-853D-4C6D-BAC0-ED6E1C08D2A5}.Release|x86.Build.0 = Release|x86
		{AF2DA06B-853D-4C6D-BAC0-ED6E1C08D2A5}.Release|x86.Deploy.0 = Release|x86
		{882699CC-A124-4506-AA7B-10006BE14F57}.Ad-Hoc|Any CPU.ActiveCfg = Release|x86
		{882699CC-A124-4506-AA7B-10006BE14F57}.Ad-Hoc|Any CPU.Build.0 = Release|x86
		{882699CC-A124-4506-AA7B-10006BE14F57}.Ad-Hoc|Any CPU.Deploy.0 = Release|x86
		{882699CC-A124-4506-AA7B-10006BE14F57}.Ad-Hoc|ARM.ActiveCfg = Release|ARM
		{882699CC-A124-4506-AA7B-10006BE14F57}.Ad-Hoc|ARM.Build.0 = Release|ARM
		{882699CC-A124-4506-AA7B-10006BE14F57}.Ad-Hoc|ARM.Deploy.0 = Release|ARM
		{882699CC-A124-4506-AA7B-10006BE14F57}.Ad-Hoc|iPhone.ActiveCfg = Release|x86
		{882699CC-A124-4506-AA7B-10006BE14F57}.Ad-Hoc|iPhone.Build.0 = Release|x86
		{882699CC-A124-4506-AA7B-10006BE14F57}.Ad-Hoc|iPhone.Deploy.0 = Release|x86
		{882699CC-A124-4506-AA7B-10006BE14F57}.Ad-Hoc|iPhoneSimulator.ActiveCfg = Release|x86
		{882699CC-A124-4506-AA7B-10006BE14F57}.Ad-Hoc|iPhoneSimulator.Build.0 = Release|x86
		{882699CC-A124-4506-AA7B-10006BE14F57}.Ad-Hoc|iPhoneSimulator.Deploy.0 = Release|x86
		{882699CC-A124-4506-AA7B-10006BE14F57}.Ad-Hoc|x64.ActiveCfg = Release|x64
		{882699CC-A124-4506-AA7B-10006BE14F57}.Ad-Hoc|x64.Build.0 = Release|x64
		{882699CC-A124-4506-AA7B-10006BE14F57}.Ad-Hoc|x64.Deploy.0 = Release|x64
		{882699CC-A124-4506-AA7B-10006BE14F57}.Ad-Hoc|x86.ActiveCfg = Release|x86
		{882699CC-A124-4506-AA7B-10006BE14F57}.Ad-Hoc|x86.Build.0 = Release|x86
		{882699CC-A124-4506-AA7B-10006BE14F57}.Ad-Hoc|x86.Deploy.0 = Release|x86
		{882699CC-A124-4506-AA7B-10006BE14F57}.AppStore|Any CPU.ActiveCfg = Release|x86
		{882699CC-A124-4506-AA7B-10006BE14F57}.AppStore|Any CPU.Build.0 = Release|x86
		{882699CC-A124-4506-AA7B-10006BE14F57}.AppStore|Any CPU.Deploy.0 = Release|x86
		{882699CC-A124-4506-AA7B-10006BE14F57}.AppStore|ARM.ActiveCfg = Release|ARM
		{882699CC-A124-4506-AA7B-10006BE14F57}.AppStore|ARM.Build.0 = Release|ARM
		{882699CC-A124-4506-AA7B-10006BE14F57}.AppStore|ARM.Deploy.0 = Release|ARM
		{882699CC-A124-4506-AA7B-10006BE14F57}.AppStore|iPhone.ActiveCfg = Release|x86
		{882699CC-A124-4506-AA7B-10006BE14F57}.AppStore|iPhone.Build.0 = Release|x86
		{882699CC-A124-4506-AA7B-10006BE14F57}.AppStore|iPhone.Deploy.0 = Release|x86
		{882699CC-A124-4506-AA7B-10006BE14F57}.AppStore|iPhoneSimulator.ActiveCfg = Release|x86
		{882699CC-A124-4506-AA7B-10006BE14F57}.AppStore|iPhoneSimulator.Build.0 = Release|x86
		{882699CC-A124-4506-AA7B-10006BE14F57}.AppStore|iPhoneSimulator.Deploy.0 = Release|x86
		{882699CC-A124-4506-AA7B-10006BE14F57}.AppStore|x64.ActiveCfg = Release|x64
		{882699CC-A124-4506-AA7B-10006BE14F57}.AppStore|x64.Build.0 = Release|x64
		{882699CC-A124-4506-AA7B-10006BE14F57}.AppStore|x64.Deploy.0 = Release|x64
		{882699CC-A124-4506-AA7B-10006BE14F57}.AppStore|x86.ActiveCfg = Release|x86
		{882699CC-A124-4506-AA7B-10006BE14F57}.AppStore|x86.Build.0 = Release|x86
		{882699CC-A124-4506-AA7B-10006BE14F57}.AppStore|x86.Deploy.0 = Release|x86
		{882699CC-A124-4506-AA7B-10006BE14F57}.Debug|Any CPU.ActiveCfg = Debug|x86
		{882699CC-A124-4506-AA7B-10006BE14F57}.Debug|ARM.ActiveCfg = Debug|ARM
		{882699CC-A124-4506-AA7B-10006BE14F57}.Debug|ARM.Build.0 = Debug|ARM
		{882699CC-A124-4506-AA7B-10006BE14F57}.Debug|ARM.Deploy.0 = Debug|ARM
		{882699CC-A124-4506-AA7B-10006BE14F57}.Debug|iPhone.ActiveCfg = Debug|x86
		{882699CC-A124-4506-AA7B-10006BE14F57}.Debug|iPhoneSimulator.ActiveCfg = Debug|x86
		{882699CC-A124-4506-AA7B-10006BE14F57}.Debug|x64.ActiveCfg = Debug|x64
		{882699CC-A124-4506-AA7B-10006BE14F57}.Debug|x64.Build.0 = Debug|x64
		{882699CC-A124-4506-AA7B-10006BE14F57}.Debug|x64.Deploy.0 = Debug|x64
		{882699CC-A124-4506-AA7B-10006BE14F57}.Debug|x86.ActiveCfg = Debug|x86
		{882699CC-A124-4506-AA7B-10006BE14F57}.Debug|x86.Build.0 = Debug|x86
		{882699CC-A124-4506-AA7B-10006BE14F57}.Debug|x86.Deploy.0 = Debug|x86
		{882699CC-A124-4506-AA7B-10006BE14F57}.Release|Any CPU.ActiveCfg = Release|x86
		{882699CC-A124-4506-AA7B-10006BE14F57}.Release|ARM.ActiveCfg = Release|ARM
		{882699CC-A124-4506-AA7B-10006BE14F57}.Release|ARM.Build.0 = Release|ARM
		{882699CC-A124-4506-AA7B-10006BE14F57}.Release|ARM.Deploy.0 = Release|ARM
		{882699CC-A124-4506-AA7B-10006BE14F57}.Release|iPhone.ActiveCfg = Release|x86
		{882699CC-A124-4506-AA7B-10006BE14F57}.Release|iPhoneSimulator.ActiveCfg = Release|x86
		{882699CC-A124-4506-AA7B-10006BE14F57}.Release|x64.ActiveCfg = Release|x64
		{882699CC-A124-4506-AA7B-10006BE14F57}.Release|x64.Build.0 = Release|x64
		{882699CC-A124-4506-AA7B-10006BE14F57}.Release|x64.Deploy.0 = Release|x64
		{882699CC-A124-4506-AA7B-10006BE14F57}.Release|x86.ActiveCfg = Release|x86
		{882699CC-A124-4506-AA7B-10006BE14F57}.Release|x86.Build.0 = Release|x86
		{882699CC-A124-4506-AA7B-10006BE14F57}.Release|x86.Deploy.0 = Release|x86
		{2C42B43A-193A-405E-9354-7CAD177B9B10}.Ad-Hoc|Any CPU.ActiveCfg = Release|Any CPU
		{2C42B43A-193A-405E-9354-7CAD177B9B10}.Ad-Hoc|Any CPU.Build.0 = Release|Any CPU
		{2C42B43A-193A-405E-9354-7CAD177B9B10}.Ad-Hoc|Any CPU.Deploy.0 = Release|Any CPU
		{2C42B43A-193A-405E-9354-7CAD177B9B10}.Ad-Hoc|ARM.ActiveCfg = Release|ARM
		{2C42B43A-193A-405E-9354-7CAD177B9B10}.Ad-Hoc|ARM.Build.0 = Release|ARM
		{2C42B43A-193A-405E-9354-7CAD177B9B10}.Ad-Hoc|ARM.Deploy.0 = Release|ARM
		{2C42B43A-193A-405E-9354-7CAD177B9B10}.Ad-Hoc|iPhone.ActiveCfg = Release|Any CPU
		{2C42B43A-193A-405E-9354-7CAD177B9B10}.Ad-Hoc|iPhone.Build.0 = Release|Any CPU
		{2C42B43A-193A-405E-9354-7CAD177B9B10}.Ad-Hoc|iPhone.Deploy.0 = Release|Any CPU
		{2C42B43A-193A-405E-9354-7CAD177B9B10}.Ad-Hoc|iPhoneSimulator.ActiveCfg = Release|Any CPU
		{2C42B43A-193A-405E-9354-7CAD177B9B10}.Ad-Hoc|iPhoneSimulator.Build.0 = Release|Any CPU
		{2C42B43A-193A-405E-9354-7CAD177B9B10}.Ad-Hoc|iPhoneSimulator.Deploy.0 = Release|Any CPU
		{2C42B43A-193A-405E-9354-7CAD177B9B10}.Ad-Hoc|x64.ActiveCfg = Release|x64
		{2C42B43A-193A-405E-9354-7CAD177B9B10}.Ad-Hoc|x64.Build.0 = Release|x64
		{2C42B43A-193A-405E-9354-7CAD177B9B10}.Ad-Hoc|x64.Deploy.0 = Release|x64
		{2C42B43A-193A-405E-9354-7CAD177B9B10}.Ad-Hoc|x86.ActiveCfg = Release|x86
		{2C42B43A-193A-405E-9354-7CAD177B9B10}.Ad-Hoc|x86.Build.0 = Release|x86
		{2C42B43A-193A-405E-9354-7CAD177B9B10}.Ad-Hoc|x86.Deploy.0 = Release|x86
		{2C42B43A-193A-405E-9354-7CAD177B9B10}.AppStore|Any CPU.ActiveCfg = Release|Any CPU
		{2C42B43A-193A-405E-9354-7CAD177B9B10}.AppStore|Any CPU.Build.0 = Release|Any CPU
		{2C42B43A-193A-405E-9354-7CAD177B9B10}.AppStore|Any CPU.Deploy.0 = Release|Any CPU
		{2C42B43A-193A-405E-9354-7CAD177B9B10}.AppStore|ARM.ActiveCfg = Release|ARM
		{2C42B43A-193A-405E-9354-7CAD177B9B10}.AppStore|ARM.Build.0 = Release|ARM
		{2C42B43A-193A-405E-9354-7CAD177B9B10}.AppStore|ARM.Deploy.0 = Release|ARM
		{2C42B43A-193A-405E-9354-7CAD177B9B10}.AppStore|iPhone.ActiveCfg = Release|Any CPU
		{2C42B43A-193A-405E-9354-7CAD177B9B10}.AppStore|iPhone.Build.0 = Release|Any CPU
		{2C42B43A-193A-405E-9354-7CAD177B9B10}.AppStore|iPhone.Deploy.0 = Release|Any CPU
		{2C42B43A-193A-405E-9354-7CAD177B9B10}.AppStore|iPhoneSimulator.ActiveCfg = Release|Any CPU
		{2C42B43A-193A-405E-9354-7CAD177B9B10}.AppStore|iPhoneSimulator.Build.0 = Release|Any CPU
		{2C42B43A-193A-405E-9354-7CAD177B9B10}.AppStore|iPhoneSimulator.Deploy.0 = Release|Any CPU
		{2C42B43A-193A-405E-9354-7CAD177B9B10}.AppStore|x64.ActiveCfg = Release|x64
		{2C42B43A-193A-405E-9354-7CAD177B9B10}.AppStore|x64.Build.0 = Release|x64
		{2C42B43A-193A-405E-9354-7CAD177B9B10}.AppStore|x64.Deploy.0 = Release|x64
		{2C42B43A-193A-405E-9354-7CAD177B9B10}.AppStore|x86.ActiveCfg = Release|x86
		{2C42B43A-193A-405E-9354-7CAD177B9B10}.AppStore|x86.Build.0 = Release|x86
		{2C42B43A-193A-405E-9354-7CAD177B9B10}.AppStore|x86.Deploy.0 = Release|x86
		{2C42B43A-193A-405E-9354-7CAD177B9B10}.Debug|Any CPU.ActiveCfg = Debug|Any CPU
		{2C42B43A-193A-405E-9354-7CAD177B9B10}.Debug|Any CPU.Build.0 = Debug|Any CPU
		{2C42B43A-193A-405E-9354-7CAD177B9B10}.Debug|Any CPU.Deploy.0 = Debug|Any CPU
		{2C42B43A-193A-405E-9354-7CAD177B9B10}.Debug|ARM.ActiveCfg = Debug|ARM
		{2C42B43A-193A-405E-9354-7CAD177B9B10}.Debug|ARM.Build.0 = Debug|ARM
		{2C42B43A-193A-405E-9354-7CAD177B9B10}.Debug|ARM.Deploy.0 = Debug|ARM
		{2C42B43A-193A-405E-9354-7CAD177B9B10}.Debug|iPhone.ActiveCfg = Debug|Any CPU
		{2C42B43A-193A-405E-9354-7CAD177B9B10}.Debug|iPhone.Build.0 = Debug|Any CPU
		{2C42B43A-193A-405E-9354-7CAD177B9B10}.Debug|iPhone.Deploy.0 = Debug|Any CPU
		{2C42B43A-193A-405E-9354-7CAD177B9B10}.Debug|iPhoneSimulator.ActiveCfg = Debug|Any CPU
		{2C42B43A-193A-405E-9354-7CAD177B9B10}.Debug|iPhoneSimulator.Build.0 = Debug|Any CPU
		{2C42B43A-193A-405E-9354-7CAD177B9B10}.Debug|iPhoneSimulator.Deploy.0 = Debug|Any CPU
		{2C42B43A-193A-405E-9354-7CAD177B9B10}.Debug|x64.ActiveCfg = Debug|x64
		{2C42B43A-193A-405E-9354-7CAD177B9B10}.Debug|x64.Build.0 = Debug|x64
		{2C42B43A-193A-405E-9354-7CAD177B9B10}.Debug|x64.Deploy.0 = Debug|x64
		{2C42B43A-193A-405E-9354-7CAD177B9B10}.Debug|x86.ActiveCfg = Debug|x86
		{2C42B43A-193A-405E-9354-7CAD177B9B10}.Debug|x86.Build.0 = Debug|x86
		{2C42B43A-193A-405E-9354-7CAD177B9B10}.Debug|x86.Deploy.0 = Debug|x86
		{2C42B43A-193A-405E-9354-7CAD177B9B10}.Release|Any CPU.ActiveCfg = Release|Any CPU
		{2C42B43A-193A-405E-9354-7CAD177B9B10}.Release|Any CPU.Build.0 = Release|Any CPU
		{2C42B43A-193A-405E-9354-7CAD177B9B10}.Release|Any CPU.Deploy.0 = Release|Any CPU
		{2C42B43A-193A-405E-9354-7CAD177B9B10}.Release|ARM.ActiveCfg = Release|ARM
		{2C42B43A-193A-405E-9354-7CAD177B9B10}.Release|ARM.Build.0 = Release|ARM
		{2C42B43A-193A-405E-9354-7CAD177B9B10}.Release|ARM.Deploy.0 = Release|ARM
		{2C42B43A-193A-405E-9354-7CAD177B9B10}.Release|iPhone.ActiveCfg = Release|Any CPU
		{2C42B43A-193A-405E-9354-7CAD177B9B10}.Release|iPhone.Build.0 = Release|Any CPU
		{2C42B43A-193A-405E-9354-7CAD177B9B10}.Release|iPhone.Deploy.0 = Release|Any CPU
		{2C42B43A-193A-405E-9354-7CAD177B9B10}.Release|iPhoneSimulator.ActiveCfg = Release|Any CPU
		{2C42B43A-193A-405E-9354-7CAD177B9B10}.Release|iPhoneSimulator.Build.0 = Release|Any CPU
		{2C42B43A-193A-405E-9354-7CAD177B9B10}.Release|iPhoneSimulator.Deploy.0 = Release|Any CPU
		{2C42B43A-193A-405E-9354-7CAD177B9B10}.Release|x64.ActiveCfg = Release|x64
		{2C42B43A-193A-405E-9354-7CAD177B9B10}.Release|x64.Build.0 = Release|x64
		{2C42B43A-193A-405E-9354-7CAD177B9B10}.Release|x64.Deploy.0 = Release|x64
		{2C42B43A-193A-405E-9354-7CAD177B9B10}.Release|x86.ActiveCfg = Release|x86
		{2C42B43A-193A-405E-9354-7CAD177B9B10}.Release|x86.Build.0 = Release|x86
		{2C42B43A-193A-405E-9354-7CAD177B9B10}.Release|x86.Deploy.0 = Release|x86
		{7E7E3D9F-3EF4-4598-A025-8598014822B2}.Ad-Hoc|Any CPU.ActiveCfg = Release|Any CPU
		{7E7E3D9F-3EF4-4598-A025-8598014822B2}.Ad-Hoc|Any CPU.Build.0 = Release|Any CPU
		{7E7E3D9F-3EF4-4598-A025-8598014822B2}.Ad-Hoc|ARM.ActiveCfg = Release|Any CPU
		{7E7E3D9F-3EF4-4598-A025-8598014822B2}.Ad-Hoc|ARM.Build.0 = Release|Any CPU
		{7E7E3D9F-3EF4-4598-A025-8598014822B2}.Ad-Hoc|iPhone.ActiveCfg = Release|Any CPU
		{7E7E3D9F-3EF4-4598-A025-8598014822B2}.Ad-Hoc|iPhone.Build.0 = Release|Any CPU
		{7E7E3D9F-3EF4-4598-A025-8598014822B2}.Ad-Hoc|iPhoneSimulator.ActiveCfg = Release|Any CPU
		{7E7E3D9F-3EF4-4598-A025-8598014822B2}.Ad-Hoc|iPhoneSimulator.Build.0 = Release|Any CPU
		{7E7E3D9F-3EF4-4598-A025-8598014822B2}.Ad-Hoc|x64.ActiveCfg = Release|Any CPU
		{7E7E3D9F-3EF4-4598-A025-8598014822B2}.Ad-Hoc|x64.Build.0 = Release|Any CPU
		{7E7E3D9F-3EF4-4598-A025-8598014822B2}.Ad-Hoc|x86.ActiveCfg = Release|Any CPU
		{7E7E3D9F-3EF4-4598-A025-8598014822B2}.Ad-Hoc|x86.Build.0 = Release|Any CPU
		{7E7E3D9F-3EF4-4598-A025-8598014822B2}.AppStore|Any CPU.ActiveCfg = Release|Any CPU
		{7E7E3D9F-3EF4-4598-A025-8598014822B2}.AppStore|Any CPU.Build.0 = Release|Any CPU
		{7E7E3D9F-3EF4-4598-A025-8598014822B2}.AppStore|ARM.ActiveCfg = Release|Any CPU
		{7E7E3D9F-3EF4-4598-A025-8598014822B2}.AppStore|ARM.Build.0 = Release|Any CPU
		{7E7E3D9F-3EF4-4598-A025-8598014822B2}.AppStore|iPhone.ActiveCfg = Release|Any CPU
		{7E7E3D9F-3EF4-4598-A025-8598014822B2}.AppStore|iPhone.Build.0 = Release|Any CPU
		{7E7E3D9F-3EF4-4598-A025-8598014822B2}.AppStore|iPhoneSimulator.ActiveCfg = Release|Any CPU
		{7E7E3D9F-3EF4-4598-A025-8598014822B2}.AppStore|iPhoneSimulator.Build.0 = Release|Any CPU
		{7E7E3D9F-3EF4-4598-A025-8598014822B2}.AppStore|x64.ActiveCfg = Release|Any CPU
		{7E7E3D9F-3EF4-4598-A025-8598014822B2}.AppStore|x64.Build.0 = Release|Any CPU
		{7E7E3D9F-3EF4-4598-A025-8598014822B2}.AppStore|x86.ActiveCfg = Release|Any CPU
		{7E7E3D9F-3EF4-4598-A025-8598014822B2}.AppStore|x86.Build.0 = Release|Any CPU
		{7E7E3D9F-3EF4-4598-A025-8598014822B2}.Debug|Any CPU.ActiveCfg = Debug|Any CPU
		{7E7E3D9F-3EF4-4598-A025-8598014822B2}.Debug|Any CPU.Build.0 = Debug|Any CPU
		{7E7E3D9F-3EF4-4598-A025-8598014822B2}.Debug|ARM.ActiveCfg = Debug|Any CPU
		{7E7E3D9F-3EF4-4598-A025-8598014822B2}.Debug|ARM.Build.0 = Debug|Any CPU
		{7E7E3D9F-3EF4-4598-A025-8598014822B2}.Debug|iPhone.ActiveCfg = Debug|Any CPU
		{7E7E3D9F-3EF4-4598-A025-8598014822B2}.Debug|iPhone.Build.0 = Debug|Any CPU
		{7E7E3D9F-3EF4-4598-A025-8598014822B2}.Debug|iPhoneSimulator.ActiveCfg = Debug|Any CPU
		{7E7E3D9F-3EF4-4598-A025-8598014822B2}.Debug|iPhoneSimulator.Build.0 = Debug|Any CPU
		{7E7E3D9F-3EF4-4598-A025-8598014822B2}.Debug|x64.ActiveCfg = Debug|Any CPU
		{7E7E3D9F-3EF4-4598-A025-8598014822B2}.Debug|x64.Build.0 = Debug|Any CPU
		{7E7E3D9F-3EF4-4598-A025-8598014822B2}.Debug|x86.ActiveCfg = Debug|Any CPU
		{7E7E3D9F-3EF4-4598-A025-8598014822B2}.Debug|x86.Build.0 = Debug|Any CPU
		{7E7E3D9F-3EF4-4598-A025-8598014822B2}.Release|Any CPU.ActiveCfg = Release|Any CPU
		{7E7E3D9F-3EF4-4598-A025-8598014822B2}.Release|Any CPU.Build.0 = Release|Any CPU
		{7E7E3D9F-3EF4-4598-A025-8598014822B2}.Release|ARM.ActiveCfg = Release|Any CPU
		{7E7E3D9F-3EF4-4598-A025-8598014822B2}.Release|ARM.Build.0 = Release|Any CPU
		{7E7E3D9F-3EF4-4598-A025-8598014822B2}.Release|iPhone.ActiveCfg = Release|Any CPU
		{7E7E3D9F-3EF4-4598-A025-8598014822B2}.Release|iPhone.Build.0 = Release|Any CPU
		{7E7E3D9F-3EF4-4598-A025-8598014822B2}.Release|iPhoneSimulator.ActiveCfg = Release|Any CPU
		{7E7E3D9F-3EF4-4598-A025-8598014822B2}.Release|iPhoneSimulator.Build.0 = Release|Any CPU
		{7E7E3D9F-3EF4-4598-A025-8598014822B2}.Release|x64.ActiveCfg = Release|Any CPU
		{7E7E3D9F-3EF4-4598-A025-8598014822B2}.Release|x64.Build.0 = Release|Any CPU
		{7E7E3D9F-3EF4-4598-A025-8598014822B2}.Release|x86.ActiveCfg = Release|Any CPU
		{7E7E3D9F-3EF4-4598-A025-8598014822B2}.Release|x86.Build.0 = Release|Any CPU
	EndGlobalSection
	GlobalSection(SolutionProperties) = preSolution
		HideSolutionNode = FALSE
	EndGlobalSection
EndGlobal
